
Microsoft Visual Studio Solution File, Format Version 12.00
# Visual Studio Version 16
VisualStudioVersion = 16.0.32228.343
MinimumVisualStudioVersion = 10.0.40219.1
Project("{9A19103F-16F7-4668-BE54-9A1E7A4F7556}") = "uml2finished", "uml2finished\uml2finished.csproj", "{725A88A0-32EE-4686-BF70-E947FF9FE1E0}"
EndProject
Project("{FAE04EC0-301F-11D3-BF4B-00C04F79EFBC}") = "uml2finished_test", "uml2finished_test\uml2finished_test.csproj", "{96B38BF8-31E5-4200-A72E-43C43C1CCD86}"
EndProject
Project("{8BC9CEB8-8B4A-11D0-8D11-00A0C91BC942}") = "ConsoleApplication1", "ConsoleApplication1\ConsoleApplication1.vcxproj", "{AF45A20B-1DB3-4289-918A-BCE8A85026FE}"
EndProject
Global
	GlobalSection(SolutionConfigurationPlatforms) = preSolution
		Debug|Any CPU = Debug|Any CPU
		Debug|x64 = Debug|x64
		Debug|x86 = Debug|x86
		Release|Any CPU = Release|Any CPU
		Release|x64 = Release|x64
		Release|x86 = Release|x86
	EndGlobalSection
	GlobalSection(ProjectConfigurationPlatforms) = postSolution
		{725A88A0-32EE-4686-BF70-E947FF9FE1E0}.Debug|Any CPU.ActiveCfg = Debug|Any CPU
		{725A88A0-32EE-4686-BF70-E947FF9FE1E0}.Debug|Any CPU.Build.0 = Debug|Any CPU
		{725A88A0-32EE-4686-BF70-E947FF9FE1E0}.Debug|x64.ActiveCfg = Debug|Any CPU
		{725A88A0-32EE-4686-BF70-E947FF9FE1E0}.Debug|x64.Build.0 = Debug|Any CPU
		{725A88A0-32EE-4686-BF70-E947FF9FE1E0}.Debug|x86.ActiveCfg = Debug|Any CPU
		{725A88A0-32EE-4686-BF70-E947FF9FE1E0}.Debug|x86.Build.0 = Debug|Any CPU
		{725A88A0-32EE-4686-BF70-E947FF9FE1E0}.Release|Any CPU.ActiveCfg = Release|Any CPU
		{725A88A0-32EE-4686-BF70-E947FF9FE1E0}.Release|Any CPU.Build.0 = Release|Any CPU
		{725A88A0-32EE-4686-BF70-E947FF9FE1E0}.Release|x64.ActiveCfg = Release|Any CPU
		{725A88A0-32EE-4686-BF70-E947FF9FE1E0}.Release|x64.Build.0 = Release|Any CPU
		{725A88A0-32EE-4686-BF70-E947FF9FE1E0}.Release|x86.ActiveCfg = Release|Any CPU
		{725A88A0-32EE-4686-BF70-E947FF9FE1E0}.Release|x86.Build.0 = Release|Any CPU
		{96B38BF8-31E5-4200-A72E-43C43C1CCD86}.Debug|Any CPU.ActiveCfg = Debug|Any CPU
		{96B38BF8-31E5-4200-A72E-43C43C1CCD86}.Debug|Any CPU.Build.0 = Debug|Any CPU
		{96B38BF8-31E5-4200-A72E-43C43C1CCD86}.Debug|x64.ActiveCfg = Debug|Any CPU
		{96B38BF8-31E5-4200-A72E-43C43C1CCD86}.Debug|x64.Build.0 = Debug|Any CPU
		{96B38BF8-31E5-4200-A72E-43C43C1CCD86}.Debug|x86.ActiveCfg = Debug|Any CPU
		{96B38BF8-31E5-4200-A72E-43C43C1CCD86}.Debug|x86.Build.0 = Debug|Any CPU
		{96B38BF8-31E5-4200-A72E-43C43C1CCD86}.Release|Any CPU.ActiveCfg = Release|Any CPU
		{96B38BF8-31E5-4200-A72E-43C43C1CCD86}.Release|Any CPU.Build.0 = Release|Any CPU
		{96B38BF8-31E5-4200-A72E-43C43C1CCD86}.Release|x64.ActiveCfg = Release|Any CPU
		{96B38BF8-31E5-4200-A72E-43C43C1CCD86}.Release|x64.Build.0 = Release|Any CPU
		{96B38BF8-31E5-4200-A72E-43C43C1CCD86}.Release|x86.ActiveCfg = Release|Any CPU
		{96B38BF8-31E5-4200-A72E-43C43C1CCD86}.Release|x86.Build.0 = Release|Any CPU
		{AF45A20B-1DB3-4289-918A-BCE8A85026FE}.Debug|Any CPU.ActiveCfg = Debug|Win32
		{AF45A20B-1DB3-4289-918A-BCE8A85026FE}.Debug|x64.ActiveCfg = Debug|x64
		{AF45A20B-1DB3-4289-918A-BCE8A85026FE}.Debug|x64.Build.0 = Debug|x64
		{AF45A20B-1DB3-4289-918A-BCE8A85026FE}.Debug|x86.ActiveCfg = Debug|Win32
		{AF45A20B-1DB3-4289-918A-BCE8A85026FE}.Debug|x86.Build.0 = Debug|Win32
		{AF45A20B-1DB3-4289-918A-BCE8A85026FE}.Release|Any CPU.ActiveCfg = Release|Win32
		{AF45A20B-1DB3-4289-918A-BCE8A85026FE}.Release|x64.ActiveCfg = Release|x64
		{AF45A20B-1DB3-4289-918A-BCE8A85026FE}.Release|x64.Build.0 = Release|x64
		{AF45A20B-1DB3-4289-918A-BCE8A85026FE}.Release|x86.ActiveCfg = Release|Win32
		{AF45A20B-1DB3-4289-918A-BCE8A85026FE}.Release|x86.Build.0 = Release|Win32
	EndGlobalSection
	GlobalSection(SolutionProperties) = preSolution
		HideSolutionNode = FALSE
	EndGlobalSection
	GlobalSection(ExtensibilityGlobals) = postSolution
		SolutionGuid = {D456DCAB-BDC8-4527-A077-D07A70AAD66E}
	EndGlobalSection
EndGlobal
